// !$*UTF8*$!
{
	archiveVersion = 1;
	classes = {
	};
	objectVersion = 56;
	objects = {

/* Begin PBXBuildFile section */
		84B5635D2A55B84B00B26973 /* iSwiftUIApp.swift in Sources */ = {isa = PBXBuildFile; fileRef = 84B5635C2A55B84B00B26973 /* iSwiftUIApp.swift */; };
		84B5635F2A55B84B00B26973 /* ContentView.swift in Sources */ = {isa = PBXBuildFile; fileRef = 84B5635E2A55B84B00B26973 /* ContentView.swift */; };
		84B563612A55B84C00B26973 /* Assets.xcassets in Resources */ = {isa = PBXBuildFile; fileRef = 84B563602A55B84C00B26973 /* Assets.xcassets */; };
		84B563642A55B84C00B26973 /* Preview Assets.xcassets in Resources */ = {isa = PBXBuildFile; fileRef = 84B563632A55B84C00B26973 /* Preview Assets.xcassets */; };
		84B5636B2A5707D700B26973 /* animateTest1.swift in Sources */ = {isa = PBXBuildFile; fileRef = 84B5636A2A5707D700B26973 /* animateTest1.swift */; };
		84B5636D2A5905E000B26973 /* BezierPanth.swift in Sources */ = {isa = PBXBuildFile; fileRef = 84B5636C2A5905E000B26973 /* BezierPanth.swift */; };
		84B5636F2A59066200B26973 /* Figures.swift in Sources */ = {isa = PBXBuildFile; fileRef = 84B5636E2A59066200B26973 /* Figures.swift */; };
		84B563722A59946A00B26973 /* List.swift in Sources */ = {isa = PBXBuildFile; fileRef = 84B563712A59946A00B26973 /* List.swift */; };
		84B563782A5A53B900B26973 /* LookinServer in Frameworks */ = {isa = PBXBuildFile; productRef = 84B563772A5A53B900B26973 /* LookinServer */; };
/* End PBXBuildFile section */

/* Begin PBXFileReference section */
		84B563592A55B84B00B26973 /* iSwiftUI.app */ = {isa = PBXFileReference; explicitFileType = wrapper.application; includeInIndex = 0; path = iSwiftUI.app; sourceTree = BUILT_PRODUCTS_DIR; };
		84B5635C2A55B84B00B26973 /* iSwiftUIApp.swift */ = {isa = PBXFileReference; lastKnownFileType = sourcecode.swift; path = iSwiftUIApp.swift; sourceTree = "<group>"; };
		84B5635E2A55B84B00B26973 /* ContentView.swift */ = {isa = PBXFileReference; lastKnownFileType = sourcecode.swift; path = ContentView.swift; sourceTree = "<group>"; };
		84B563602A55B84C00B26973 /* Assets.xcassets */ = {isa = PBXFileReference; lastKnownFileType = folder.assetcatalog; path = Assets.xcassets; sourceTree = "<group>"; };
		84B563632A55B84C00B26973 /* Preview Assets.xcassets */ = {isa = PBXFileReference; lastKnownFileType = folder.assetcatalog; path = "Preview Assets.xcassets"; sourceTree = "<group>"; };
		84B5636A2A5707D700B26973 /* animateTest1.swift */ = {isa = PBXFileReference; lastKnownFileType = sourcecode.swift; path = animateTest1.swift; sourceTree = "<group>"; };
		84B5636C2A5905E000B26973 /* BezierPanth.swift */ = {isa = PBXFileReference; lastKnownFileType = sourcecode.swift; path = BezierPanth.swift; sourceTree = "<group>"; };
		84B5636E2A59066200B26973 /* Figures.swift */ = {isa = PBXFileReference; lastKnownFileType = sourcecode.swift; path = Figures.swift; sourceTree = "<group>"; };
		84B563712A59946A00B26973 /* List.swift */ = {isa = PBXFileReference; lastKnownFileType = sourcecode.swift; path = List.swift; sourceTree = "<group>"; };
/* End PBXFileReference section */

/* Begin PBXFrameworksBuildPhase section */
		84B563562A55B84B00B26973 /* Frameworks */ = {
			isa = PBXFrameworksBuildPhase;
			buildActionMask = 2147483647;
			files = (
				84B563782A5A53B900B26973 /* LookinServer in Frameworks */,
			);
			runOnlyForDeploymentPostprocessing = 0;
		};
/* End PBXFrameworksBuildPhase section */

/* Begin PBXGroup section */
		84B563502A55B84B00B26973 = {
			isa = PBXGroup;
			children = (
				84B5635B2A55B84B00B26973 /* iSwiftUI */,
				84B5635A2A55B84B00B26973 /* Products */,
			);
			sourceTree = "<group>";
		};
		84B5635A2A55B84B00B26973 /* Products */ = {
			isa = PBXGroup;
			children = (
				84B563592A55B84B00B26973 /* iSwiftUI.app */,
			);
			name = Products;
			sourceTree = "<group>";
		};
		84B5635B2A55B84B00B26973 /* iSwiftUI */ = {
			isa = PBXGroup;
			children = (
				84B5635C2A55B84B00B26973 /* iSwiftUIApp.swift */,
				84B5635E2A55B84B00B26973 /* ContentView.swift */,
				84B5636A2A5707D700B26973 /* animateTest1.swift */,
				84B563712A59946A00B26973 /* List.swift */,
				84B563702A59067500B26973 /* Bezier */,
				84B563602A55B84C00B26973 /* Assets.xcassets */,
				84B563622A55B84C00B26973 /* Preview Content */,
			);
			path = iSwiftUI;
			sourceTree = "<group>";
		};
		84B563622A55B84C00B26973 /* Preview Content */ = {
			isa = PBXGroup;
			children = (
				84B563632A55B84C00B26973 /* Preview Assets.xcassets */,
			);
			path = "Preview Content";
			sourceTree = "<group>";
		};
		84B563702A59067500B26973 /* Bezier */ = {
			isa = PBXGroup;
			children = (
				84B5636C2A5905E000B26973 /* BezierPanth.swift */,
				84B5636E2A59066200B26973 /* Figures.swift */,
			);
			path = Bezier;
			sourceTree = "<group>";
		};
/* End PBXGroup section */

/* Begin PBXNativeTarget section */
		84B563582A55B84B00B26973 /* iSwiftUI */ = {
			isa = PBXNativeTarget;
			buildConfigurationList = 84B563672A55B84C00B26973 /* Build configuration list for PBXNativeTarget "iSwiftUI" */;
			buildPhases = (
				84B563552A55B84B00B26973 /* Sources */,
				84B563562A55B84B00B26973 /* Frameworks */,
				84B563572A55B84B00B26973 /* Resources */,
			);
			buildRules = (
			);
			dependencies = (
			);
			name = iSwiftUI;
			packageProductDependencies = (
				84B563772A5A53B900B26973 /* LookinServer */,
			);
			productName = iSwiftUI;
			productReference = 84B563592A55B84B00B26973 /* iSwiftUI.app */;
			productType = "com.apple.product-type.application";
		};
/* End PBXNativeTarget section */

/* Begin PBXProject section */
		84B563512A55B84B00B26973 /* Project object */ = {
			isa = PBXProject;
			attributes = {
				BuildIndependentTargetsInParallel = 1;
				LastSwiftUpdateCheck = 1430;
				LastUpgradeCheck = 1430;
				TargetAttributes = {
					84B563582A55B84B00B26973 = {
						CreatedOnToolsVersion = 14.3;
					};
				};
			};
			buildConfigurationList = 84B563542A55B84B00B26973 /* Build configuration list for PBXProject "iSwiftUI" */;
			compatibilityVersion = "Xcode 14.0";
			developmentRegion = en;
			hasScannedForEncodings = 0;
			knownRegions = (
				en,
				Base,
			);
			mainGroup = 84B563502A55B84B00B26973;
			packageReferences = (
				84B563762A5A53B900B26973 /* XCRemoteSwiftPackageReference "LookinServer" */,
			);
			productRefGroup = 84B5635A2A55B84B00B26973 /* Products */;
			projectDirPath = "";
			projectRoot = "";
			targets = (
				84B563582A55B84B00B26973 /* iSwiftUI */,
			);
		};
/* End PBXProject section */

/* Begin PBXResourcesBuildPhase section */
		84B563572A55B84B00B26973 /* Resources */ = {
			isa = PBXResourcesBuildPhase;
			buildActionMask = 2147483647;
			files = (
				84B563642A55B84C00B26973 /* Preview Assets.xcassets in Resources */,
				84B563612A55B84C00B26973 /* Assets.xcassets in Resources */,
			);
			runOnlyForDeploymentPostprocessing = 0;
		};
/* End PBXResourcesBuildPhase section */

/* Begin PBXSourcesBuildPhase section */
		84B563552A55B84B00B26973 /* Sources */ = {
			isa = PBXSourcesBuildPhase;
			buildActionMask = 2147483647;
			files = (
				84B5636D2A5905E000B26973 /* BezierPanth.swift in Sources */,
				84B5636F2A59066200B26973 /* Figures.swift in Sources */,
				84B5636B2A5707D700B26973 /* animateTest1.swift in Sources */,
				84B5635F2A55B84B00B26973 /* ContentView.swift in Sources */,
				84B5635D2A55B84B00B26973 /* iSwiftUIApp.swift in Sources */,
				84B563722A59946A00B26973 /* List.swift in Sources */,
			);
			runOnlyForDeploymentPostprocessing = 0;
		};
/* End PBXSourcesBuildPhase section */

/* Begin XCBuildConfiguration section */
		84B563652A55B84C00B26973 /* Debug */ = {
			isa = XCBuildConfiguration;
			buildSettings = {
				ALWAYS_SEARCH_USER_PATHS = NO;
				CLANG_ANALYZER_NONNULL = YES;
				CLANG_ANALYZER_NUMBER_OBJECT_CONVERSION = YES_AGGRESSIVE;
				CLANG_CXX_LANGUAGE_STANDARD = "gnu++20";
				CLANG_ENABLE_MODULES = YES;
				CLANG_ENABLE_OBJC_ARC = YES;
				CLANG_ENABLE_OBJC_WEAK = YES;
				CLANG_WARN_BLOCK_CAPTURE_AUTORELEASING = YES;
				CLANG_WARN_BOOL_CONVERSION = YES;
				CLANG_WARN_COMMA = YES;
				CLANG_WARN_CONSTANT_CONVERSION = YES;
				CLANG_WARN_DEPRECATED_OBJC_IMPLEMENTATIONS = YES;
				CLANG_WARN_DIRECT_OBJC_ISA_USAGE = YES_ERROR;
				CLANG_WARN_DOCUMENTATION_COMMENTS = YES;
				CLANG_WARN_EMPTY_BODY = YES;
				CLANG_WARN_ENUM_CONVERSION = YES;
				CLANG_WARN_INFINITE_RECURSION = YES;
				CLANG_WARN_INT_CONVERSION = YES;
				CLANG_WARN_NON_LITERAL_NULL_CONVERSION = YES;
				CLANG_WARN_OBJC_IMPLICIT_RETAIN_SELF = YES;
				CLANG_WARN_OBJC_LITERAL_CONVERSION = YES;
				CLANG_WARN_OBJC_ROOT_CLASS = YES_ERROR;
				CLANG_WARN_QUOTED_INCLUDE_IN_FRAMEWORK_HEADER = YES;
				CLANG_WARN_RANGE_LOOP_ANALYSIS = YES;
				CLANG_WARN_STRICT_PROTOTYPES = YES;
				CLANG_WARN_SUSPICIOUS_MOVE = YES;
				CLANG_WARN_UNGUARDED_AVAILABILITY = YES_AGGRESSIVE;
				CLANG_WARN_UNREACHABLE_CODE = YES;
				CLANG_WARN__DUPLICATE_METHOD_MATCH = YES;
				COPY_PHASE_STRIP = NO;
				DEBUG_INFORMATION_FORMAT = dwarf;
				ENABLE_STRICT_OBJC_MSGSEND = YES;
				ENABLE_TESTABILITY = YES;
				GCC_C_LANGUAGE_STANDARD = gnu11;
				GCC_DYNAMIC_NO_PIC = NO;
				GCC_NO_COMMON_BLOCKS = YES;
				GCC_OPTIMIZATION_LEVEL = 0;
				GCC_PREPROCESSOR_DEFINITIONS = (
					"DEBUG=1",
					"$(inherited)",
				);
				GCC_WARN_64_TO_32_BIT_CONVERSION = YES;
				GCC_WARN_ABOUT_RETURN_TYPE = YES_ERROR;
				GCC_WARN_UNDECLARED_SELECTOR = YES;
				GCC_WARN_UNINITIALIZED_AUTOS = YES_AGGRESSIVE;
				GCC_WARN_UNUSED_FUNCTION = YES;
				GCC_WARN_UNUSED_VARIABLE = YES;
				IPHONEOS_DEPLOYMENT_TARGET = 16.4;
				MTL_ENABLE_DEBUG_INFO = INCLUDE_SOURCE;
				MTL_FAST_MATH = YES;
				ONLY_ACTIVE_ARCH = YES;
				SDKROOT = iphoneos;
				SWIFT_ACTIVE_COMPILATION_CONDITIONS = DEBUG;
				SWIFT_OPTIMIZATION_LEVEL = "-Onone";
			};
			name = Debug;
		};
		84B563662A55B84C00B26973 /* Release */ = {
			isa = XCBuildConfiguration;
			buildSettings = {
				ALWAYS_SEARCH_USER_PATHS = NO;
				CLANG_ANALYZER_NONNULL = YES;
				CLANG_ANALYZER_NUMBER_OBJECT_CONVERSION = YES_AGGRESSIVE;
				CLANG_CXX_LANGUAGE_STANDARD = "gnu++20";
				CLANG_ENABLE_MODULES = YES;
				CLANG_ENABLE_OBJC_ARC = YES;
				CLANG_ENABLE_OBJC_WEAK = YES;
				CLANG_WARN_BLOCK_CAPTURE_AUTORELEASING = YES;
				CLANG_WARN_BOOL_CONVERSION = YES;
				CLANG_WARN_COMMA = YES;
				CLANG_WARN_CONSTANT_CONVERSION = YES;
				CLANG_WARN_DEPRECATED_OBJC_IMPLEMENTATIONS = YES;
				CLANG_WARN_DIRECT_OBJC_ISA_USAGE = YES_ERROR;
				CLANG_WARN_DOCUMENTATION_COMMENTS = YES;
				CLANG_WARN_EMPTY_BODY = YES;
				CLANG_WARN_ENUM_CONVERSION = YES;
				CLANG_WARN_INFINITE_RECURSION = YES;
				CLANG_WARN_INT_CONVERSION = YES;
				CLANG_WARN_NON_LITERAL_NULL_CONVERSION = YES;
				CLANG_WARN_OBJC_IMPLICIT_RETAIN_SELF = YES;
				CLANG_WARN_OBJC_LITERAL_CONVERSION = YES;
				CLANG_WARN_OBJC_ROOT_CLASS = YES_ERROR;
				CLANG_WARN_QUOTED_INCLUDE_IN_FRAMEWORK_HEADER = YES;
				CLANG_WARN_RANGE_LOOP_ANALYSIS = YES;
				CLANG_WARN_STRICT_PROTOTYPES = YES;
				CLANG_WARN_SUSPICIOUS_MOVE = YES;
				CLANG_WARN_UNGUARDED_AVAILABILITY = YES_AGGRESSIVE;
				CLANG_WARN_UNREACHABLE_CODE = YES;
				CLANG_WARN__DUPLICATE_METHOD_MATCH = YES;
				COPY_PHASE_STRIP = NO;
				DEBUG_INFORMATION_FORMAT = "dwarf-with-dsym";
				ENABLE_NS_ASSERTIONS = NO;
				ENABLE_STRICT_OBJC_MSGSEND = YES;
				GCC_C_LANGUAGE_STANDARD = gnu11;
				GCC_NO_COMMON_BLOCKS = YES;
				GCC_WARN_64_TO_32_BIT_CONVERSION = YES;
				GCC_WARN_ABOUT_RETURN_TYPE = YES_ERROR;
				GCC_WARN_UNDECLARED_SELECTOR = YES;
				GCC_WARN_UNINITIALIZED_AUTOS = YES_AGGRESSIVE;
				GCC_WARN_UNUSED_FUNCTION = YES;
				GCC_WARN_UNUSED_VARIABLE = YES;
				IPHONEOS_DEPLOYMENT_TARGET = 16.4;
				MTL_ENABLE_DEBUG_INFO = NO;
				MTL_FAST_MATH = YES;
				SDKROOT = iphoneos;
				SWIFT_COMPILATION_MODE = wholemodule;
				SWIFT_OPTIMIZATION_LEVEL = "-O";
				VALIDATE_PRODUCT = YES;
			};
			name = Release;
		};
		84B563682A55B84C00B26973 /* Debug */ = {
			isa = XCBuildConfiguration;
			buildSettings = {
				ASSETCATALOG_COMPILER_APPICON_NAME = AppIcon;
				ASSETCATALOG_COMPILER_GLOBAL_ACCENT_COLOR_NAME = AccentColor;
				CODE_SIGN_STYLE = Automatic;
				CURRENT_PROJECT_VERSION = 1;
				DEVELOPMENT_ASSET_PATHS = "\"iSwiftUI/Preview Content\"";
				DEVELOPMENT_TEAM = V7SGL5CCQ8;
				ENABLE_PREVIEWS = YES;
				GENERATE_INFOPLIST_FILE = YES;
				INFOPLIST_KEY_UIApplicationSceneManifest_Generation = YES;
				INFOPLIST_KEY_UIApplicationSupportsIndirectInputEvents = YES;
				INFOPLIST_KEY_UILaunchScreen_Generation = YES;
				INFOPLIST_KEY_UISupportedInterfaceOrientations_iPad = "UIInterfaceOrientationPortrait UIInterfaceOrientationPortraitUpsideDown UIInterfaceOrientationLandscapeLeft UIInterfaceOrientationLandscapeRight";
				INFOPLIST_KEY_UISupportedInterfaceOrientations_iPhone = "UIInterfaceOrientationPortrait UIInterfaceOrientationLandscapeLeft UIInterfaceOrientationLandscapeRight";
				LD_RUNPATH_SEARCH_PATHS = (
					"$(inherited)",
					"@executable_path/Frameworks",
				);
				MARKETING_VERSION = 1.0;
				PRODUCT_BUNDLE_IDENTIFIER = iSwiftUI.ytlvy.com.iSwiftUI;
				PRODUCT_NAME = "$(TARGET_NAME)";
				SWIFT_EMIT_LOC_STRINGS = YES;
				SWIFT_VERSION = 5.0;
				TARGETED_DEVICE_FAMILY = "1,2";
			};
			name = Debug;
		};
		84B563692A55B84C00B26973 /* Release */ = {
			isa = XCBuildConfiguration;
			buildSettings = {
				ASSETCATALOG_COMPILER_APPICON_NAME = AppIcon;
				ASSETCATALOG_COMPILER_GLOBAL_ACCENT_COLOR_NAME = AccentColor;
				CODE_SIGN_STYLE = Automatic;
				CURRENT_PROJECT_VERSION = 1;
				DEVELOPMENT_ASSET_PATHS = "\"iSwiftUI/Preview Content\"";
				DEVELOPMENT_TEAM = V7SGL5CCQ8;
				ENABLE_PREVIEWS = YES;
				GENERATE_INFOPLIST_FILE = YES;
				INFOPLIST_KEY_UIApplicationSceneManifest_Generation = YES;
				INFOPLIST_KEY_UIApplicationSupportsIndirectInputEvents = YES;
				INFOPLIST_KEY_UILaunchScreen_Generation = YES;
				INFOPLIST_KEY_UISupportedInterfaceOrientations_iPad = "UIInterfaceOrientationPortrait UIInterfaceOrientationPortraitUpsideDown UIInterfaceOrientationLandscapeLeft UIInterfaceOrientationLandscapeRight";
				INFOPLIST_KEY_UISupportedInterfaceOrientations_iPhone = "UIInterfaceOrientationPortrait UIInterfaceOrientationLandscapeLeft UIInterfaceOrientationLandscapeRight";
				LD_RUNPATH_SEARCH_PATHS = (
					"$(inherited)",
					"@executable_path/Frameworks",
				);
				MARKETING_VERSION = 1.0;
				PRODUCT_BUNDLE_IDENTIFIER = iSwiftUI.ytlvy.com.iSwiftUI;
				PRODUCT_NAME = "$(TARGET_NAME)";
				SWIFT_EMIT_LOC_STRINGS = YES;
				SWIFT_VERSION = 5.0;
				TARGETED_DEVICE_FAMILY = "1,2";
			};
			name = Release;
		};
/* End XCBuildConfiguration section */

/* Begin XCConfigurationList section */
		84B563542A55B84B00B26973 /* Build configuration list for PBXProject "iSwiftUI" */ = {
			isa = XCConfigurationList;
			buildConfigurations = (
				84B563652A55B84C00B26973 /* Debug */,
				84B563662A55B84C00B26973 /* Release */,
			);
			defaultConfigurationIsVisible = 0;
			defaultConfigurationName = Release;
		};
		84B563672A55B84C00B26973 /* Build configuration list for PBXNativeTarget "iSwiftUI" */ = {
			isa = XCConfigurationList;
			buildConfigurations = (
				84B563682A55B84C00B26973 /* Debug */,
				84B563692A55B84C00B26973 /* Release */,
			);
			defaultConfigurationIsVisible = 0;
			defaultConfigurationName = Release;
		};
/* End XCConfigurationList section */

/* Begin XCRemoteSwiftPackageReference section */
		84B563762A5A53B900B26973 /* XCRemoteSwiftPackageReference "LookinServer" */ = {
			isa = XCRemoteSwiftPackageReference;
			repositoryURL = "https://github.com/QMUI/LookinServer/";
			requirement = {
				kind = upToNextMajorVersion;
				minimumVersion = 1.0.0;
			};
		};
/* End XCRemoteSwiftPackageReference section */

/* Begin XCSwiftPackageProductDependency section */
		84B563772A5A53B900B26973 /* LookinServer */ = {
			isa = XCSwiftPackageProductDependency;
			package = 84B563762A5A53B900B26973 /* XCRemoteSwiftPackageReference "LookinServer" */;
			productName = LookinServer;
		};
/* End XCSwiftPackageProductDependency section */
	};
	rootObject = 84B563512A55B84B00B26973 /* Project object */;
}
